
Microsoft Visual Studio Solution File, Format Version 12.00
# Visual Studio Version 17
VisualStudioVersion = 17.4.33213.308
MinimumVisualStudioVersion = 10.0.40219.1
Project("{8BC9CEB8-8B4A-11D0-8D11-00A0C91BC942}") = "PROYECTO PROG AVANZADA", "PROYECTO PROG AVANZADA.vcxproj", "{46EBE59D-4995-4E9E-BB70-C1068CEBA75D}"
EndProject
Global
	GlobalSection(SolutionConfigurationPlatforms) = preSolution
		Debug|x64 = Debug|x64
		Debug|x86 = Debug|x86
		Release|x64 = Release|x64
		Release|x86 = Release|x86
	EndGlobalSection
	GlobalSection(ProjectConfigurationPlatforms) = postSolution
		{46EBE59D-4995-4E9E-BB70-C1068CEBA75D}.Debug|x64.ActiveCfg = Debug|x64
		{46EBE59D-4995-4E9E-BB70-C1068CEBA75D}.Debug|x64.Build.0 = Debug|x64
		{46EBE59D-4995-4E9E-BB70-C1068CEBA75D}.Debug|x86.ActiveCfg = Debug|Win32
		{46EBE59D-4995-4E9E-BB70-C1068CEBA75D}.Debug|x86.Build.0 = Debug|Win32
		{46EBE59D-4995-4E9E-BB70-C1068CEBA75D}.Release|x64.ActiveCfg = Release|x64
		{46EBE59D-4995-4E9E-BB70-C1068CEBA75D}.Release|x64.Build.0 = Release|x64
		{46EBE59D-4995-4E9E-BB70-C1068CEBA75D}.Release|x86.ActiveCfg = Release|Win32
		{46EBE59D-4995-4E9E-BB70-C1068CEBA75D}.Release|x86.Build.0 = Release|Win32
	EndGlobalSection
	GlobalSection(SolutionProperties) = preSolution
		HideSolutionNode = FALSE
	EndGlobalSection
	GlobalSection(ExtensibilityGlobals) = postSolution
		SolutionGuid = {0E116B60-990B-45F8-83F6-3DF123FB4D39}
	EndGlobalSection
EndGlobal
